
Microsoft Visual Studio Solution File, Format Version 12.00
# Visual Studio 15
VisualStudioVersion = 15.0.26228.9
MinimumVisualStudioVersion = 10.0.40219.1
Project("{FAE04EC0-301F-11D3-BF4B-00C04F79EFBC}") = "SportsStore", "SportsStore\SportsStore.csproj", "{BF97CA7B-0AE9-4084-B742-5421A4DEEE9C}"
EndProject
Project("{2150E333-8FDC-42A3-9474-1A3956D46DE8}") = "test", "test", "{6E536655-D06F-4C65-8F72-6EAE60EB9CD1}"
EndProject
Project("{FAE04EC0-301F-11D3-BF4B-00C04F79EFBC}") = "SportsStore.Tests", "SportsStore.Tests\SportsStore.Tests.csproj", "{734A8321-4F56-42DE-A310-9F0D9DDD9E4F}"
EndProject
Global
	GlobalSection(SolutionConfigurationPlatforms) = preSolution
		Debug|Any CPU = Debug|Any CPU
		Release|Any CPU = Release|Any CPU
	EndGlobalSection
	GlobalSection(ProjectConfigurationPlatforms) = postSolution
		{BF97CA7B-0AE9-4084-B742-5421A4DEEE9C}.Debug|Any CPU.ActiveCfg = Debug|Any CPU
		{BF97CA7B-0AE9-4084-B742-5421A4DEEE9C}.Debug|Any CPU.Build.0 = Debug|Any CPU
		{BF97CA7B-0AE9-4084-B742-5421A4DEEE9C}.Release|Any CPU.ActiveCfg = Release|Any CPU
		{BF97CA7B-0AE9-4084-B742-5421A4DEEE9C}.Release|Any CPU.Build.0 = Release|Any CPU
		{734A8321-4F56-42DE-A310-9F0D9DDD9E4F}.Debug|Any CPU.ActiveCfg = Debug|Any CPU
		{734A8321-4F56-42DE-A310-9F0D9DDD9E4F}.Debug|Any CPU.Build.0 = Debug|Any CPU
		{734A8321-4F56-42DE-A310-9F0D9DDD9E4F}.Release|Any CPU.ActiveCfg = Release|Any CPU
		{734A8321-4F56-42DE-A310-9F0D9DDD9E4F}.Release|Any CPU.Build.0 = Release|Any CPU
	EndGlobalSection
	GlobalSection(SolutionProperties) = preSolution
		HideSolutionNode = FALSE
	EndGlobalSection
EndGlobal
